
Microsoft Visual Studio Solution File, Format Version 12.00
# Visual Studio Version 16
VisualStudioVersion = 16.0.30309.148
MinimumVisualStudioVersion = 10.0.40219.1
Project("{9A19103F-16F7-4668-BE54-9A1E7A4F7556}") = "GymMovesFunctionApp", "GymMovesFunctionApp\GymMovesFunctionApp.csproj", "{3CDF8A5B-20FF-4911-BD58-FD04D01CC9EC}"
EndProject
Global
	GlobalSection(SolutionConfigurationPlatforms) = preSolution
		Debug|Any CPU = Debug|Any CPU
		Release|Any CPU = Release|Any CPU
	EndGlobalSection
	GlobalSection(ProjectConfigurationPlatforms) = postSolution
		{3CDF8A5B-20FF-4911-BD58-FD04D01CC9EC}.Debug|Any CPU.ActiveCfg = Debug|Any CPU
		{3CDF8A5B-20FF-4911-BD58-FD04D01CC9EC}.Debug|Any CPU.Build.0 = Debug|Any CPU
		{3CDF8A5B-20FF-4911-BD58-FD04D01CC9EC}.Release|Any CPU.ActiveCfg = Release|Any CPU
		{3CDF8A5B-20FF-4911-BD58-FD04D01CC9EC}.Release|Any CPU.Build.0 = Release|Any CPU
	EndGlobalSection
	GlobalSection(SolutionProperties) = preSolution
		HideSolutionNode = FALSE
	EndGlobalSection
	GlobalSection(ExtensibilityGlobals) = postSolution
		SolutionGuid = {3333396A-6219-4E85-9418-0BF154DD8555}
	EndGlobalSection
EndGlobal
