
Microsoft Visual Studio Solution File, Format Version 12.00
# Visual Studio Version 16
VisualStudioVersion = 16.0.30114.105
MinimumVisualStudioVersion = 10.0.40219.1
Project("{FAE04EC0-301F-11D3-BF4B-00C04F79EFBC}") = "Gym Moves", "Gym Moves\Gym Moves.csproj", "{A070FDF9-172A-4A23-9CDA-91BB0C8507A9}"
EndProject
Project("{2150E333-8FDC-42A3-9474-1A3956D46DE8}") = "Solution Items", "Solution Items", "{040B5A24-E868-434C-9490-62A226AD755B}"
	ProjectSection(SolutionItems) = preProject
		.editorconfig = .editorconfig
	EndProjectSection
EndProject
Global
	GlobalSection(SolutionConfigurationPlatforms) = preSolution
		Debug|Any CPU = Debug|Any CPU
		Release|Any CPU = Release|Any CPU
	EndGlobalSection
	GlobalSection(ProjectConfigurationPlatforms) = postSolution
		{A070FDF9-172A-4A23-9CDA-91BB0C8507A9}.Debug|Any CPU.ActiveCfg = Debug|Any CPU
		{A070FDF9-172A-4A23-9CDA-91BB0C8507A9}.Debug|Any CPU.Build.0 = Debug|Any CPU
		{A070FDF9-172A-4A23-9CDA-91BB0C8507A9}.Debug|Any CPU.Deploy.0 = Debug|Any CPU
		{A070FDF9-172A-4A23-9CDA-91BB0C8507A9}.Release|Any CPU.ActiveCfg = Release|Any CPU
		{A070FDF9-172A-4A23-9CDA-91BB0C8507A9}.Release|Any CPU.Build.0 = Release|Any CPU
		{A070FDF9-172A-4A23-9CDA-91BB0C8507A9}.Release|Any CPU.Deploy.0 = Release|Any CPU
	EndGlobalSection
	GlobalSection(SolutionProperties) = preSolution
		HideSolutionNode = FALSE
	EndGlobalSection
	GlobalSection(ExtensibilityGlobals) = postSolution
		SolutionGuid = {2536B1DA-4821-4FF0-8143-E030BBBB13A9}
	EndGlobalSection
EndGlobal
