
Microsoft Visual Studio Solution File, Format Version 12.00
# Visual Studio Version 16
VisualStudioVersion = 16.0.29519.87
MinimumVisualStudioVersion = 10.0.40219.1
Project("{9A19103F-16F7-4668-BE54-9A1E7A4F7556}") = "GymMoves_WebAPI", "GymMoves_WebAPI.csproj", "{31DB918C-01A9-4695-B48E-5ADECE094597}"
EndProject
Project("{FAE04EC0-301F-11D3-BF4B-00C04F79EFBC}") = "GymMoves_WebAPI_Tests", "..\GymMoves_WebAPI_Tests\GymMoves_WebAPI_Tests.csproj", "{A0A6C087-BBB3-42C5-A730-E9A457B16B58}"
EndProject
Global
	GlobalSection(SolutionConfigurationPlatforms) = preSolution
		Debug|Any CPU = Debug|Any CPU
		Release|Any CPU = Release|Any CPU
	EndGlobalSection
	GlobalSection(ProjectConfigurationPlatforms) = postSolution
		{31DB918C-01A9-4695-B48E-5ADECE094597}.Debug|Any CPU.ActiveCfg = Debug|Any CPU
		{31DB918C-01A9-4695-B48E-5ADECE094597}.Debug|Any CPU.Build.0 = Debug|Any CPU
		{31DB918C-01A9-4695-B48E-5ADECE094597}.Release|Any CPU.ActiveCfg = Release|Any CPU
		{31DB918C-01A9-4695-B48E-5ADECE094597}.Release|Any CPU.Build.0 = Release|Any CPU
		{A0A6C087-BBB3-42C5-A730-E9A457B16B58}.Debug|Any CPU.ActiveCfg = Debug|Any CPU
		{A0A6C087-BBB3-42C5-A730-E9A457B16B58}.Debug|Any CPU.Build.0 = Debug|Any CPU
		{A0A6C087-BBB3-42C5-A730-E9A457B16B58}.Release|Any CPU.ActiveCfg = Release|Any CPU
		{A0A6C087-BBB3-42C5-A730-E9A457B16B58}.Release|Any CPU.Build.0 = Release|Any CPU
	EndGlobalSection
	GlobalSection(SolutionProperties) = preSolution
		HideSolutionNode = FALSE
	EndGlobalSection
	GlobalSection(ExtensibilityGlobals) = postSolution
		SolutionGuid = {D182B390-16BC-4D46-89E2-2BEFF8542A91}
	EndGlobalSection
EndGlobal
